
Microsoft Visual Studio Solution File, Format Version 12.00
# Visual Studio Version 17
VisualStudioVersion = 17.9.34728.123
MinimumVisualStudioVersion = 10.0.40219.1
Project("{9A19103F-16F7-4668-BE54-9A1E7A4F7556}") = "culqi-demos", "culqi-demos\culqi-demos.csproj", "{1AED5C1E-4253-4FC1-B1F8-97D11219F2EF}"
EndProject
Global
	GlobalSection(SolutionConfigurationPlatforms) = preSolution
		Debug|Any CPU = Debug|Any CPU
		Release|Any CPU = Release|Any CPU
	EndGlobalSection
	GlobalSection(ProjectConfigurationPlatforms) = postSolution
		{1AED5C1E-4253-4FC1-B1F8-97D11219F2EF}.Debug|Any CPU.ActiveCfg = Debug|Any CPU
		{1AED5C1E-4253-4FC1-B1F8-97D11219F2EF}.Debug|Any CPU.Build.0 = Debug|Any CPU
		{1AED5C1E-4253-4FC1-B1F8-97D11219F2EF}.Release|Any CPU.ActiveCfg = Release|Any CPU
		{1AED5C1E-4253-4FC1-B1F8-97D11219F2EF}.Release|Any CPU.Build.0 = Release|Any CPU
	EndGlobalSection
	GlobalSection(SolutionProperties) = preSolution
		HideSolutionNode = FALSE
	EndGlobalSection
	GlobalSection(ExtensibilityGlobals) = postSolution
		SolutionGuid = {ACBCCB66-11E4-4C8D-BD03-76E94CE0ECB9}
	EndGlobalSection
EndGlobal
